
Microsoft Visual Studio Solution File, Format Version 12.00
# Visual Studio Version 17
VisualStudioVersion = 17.13.35806.99 d17.13
MinimumVisualStudioVersion = 10.0.40219.1
Project("{FAE04EC0-301F-11D3-BF4B-00C04F79EFBC}") = "TorresJ_Liga_Pro_de_Ecuador", "TorresJ_Liga_Pro_de_Ecuador.csproj", "{EE2A432B-54FC-4073-9402-FC8DD5F4369C}"
EndProject
Global
	GlobalSection(SolutionConfigurationPlatforms) = preSolution
		Debug|Any CPU = Debug|Any CPU
		Release|Any CPU = Release|Any CPU
	EndGlobalSection
	GlobalSection(ProjectConfigurationPlatforms) = postSolution
		{EE2A432B-54FC-4073-9402-FC8DD5F4369C}.Debug|Any CPU.ActiveCfg = Debug|Any CPU
		{EE2A432B-54FC-4073-9402-FC8DD5F4369C}.Debug|Any CPU.Build.0 = Debug|Any CPU
		{EE2A432B-54FC-4073-9402-FC8DD5F4369C}.Release|Any CPU.ActiveCfg = Release|Any CPU
		{EE2A432B-54FC-4073-9402-FC8DD5F4369C}.Release|Any CPU.Build.0 = Release|Any CPU
	EndGlobalSection
	GlobalSection(SolutionProperties) = preSolution
		HideSolutionNode = FALSE
	EndGlobalSection
	GlobalSection(ExtensibilityGlobals) = postSolution
		SolutionGuid = {5A7A9B59-134A-470C-8A10-6C41BF40A88D}
	EndGlobalSection
EndGlobal
